{
  "requires": true,
  "lockfileVersion": 1,
  "dependencies": {
    "vegas": {
      "version": "2.5.1",
      "resolved": "https://registry.npmjs.org/vegas/-/vegas-2.5.1.tgz",
      "integrity": "sha512-wAK3SD7Nmj6qVI9DjDqZUN383i5S+Ym4qbE1/MDXNWP+T45K3CJIf71+KTrI526qPehyFs4tfEVKxp/4nn3BoQ=="
    }
  }
}
